{
  "lib/base64": {
    "rev": "dcbf852ba545b3d15de0ac0ef88dce934c090c8e"
  },
  "lib/forge-chronicles": {
    "rev": "ee77263652129d7492a79a7c4db3fb5d36a3f079"
  },
  "lib/forge-gas-snapshot": {
    "rev": "9161f7c0b6c6788a89081e2b3b9c67592b71e689"
  },
  "lib/forge-std": {
    "rev": "da591f56d8884c5824c0c1b3103fbcfd81123c4c"
  },
  "lib/openzeppelin-contracts": {
    "rev": "acd4ff74de833399287ed6b31b4debf6b2b35527"
  },
  "lib/solidity-lib": {
    "rev": "3fcc8ee6d5c7dea3283416cbcee601d89504a243"
  },
  "src/pkgs/calibur": {
    "rev": "249cac5e880831d7b2de4111a5920dbf0d242846"
  },
  "src/pkgs/mixed-quoter": {
    "rev": "d576527bff2e7c9db5434bb2b3806fd184610865"
  },
  "src/pkgs/permit2": {
    "rev": "cc56ad0f3439c502c246fc5cfcc3db92bb8b7219"
  },
  "src/pkgs/swap-router-contracts": {
    "rev": "70bc2e40dfca294c1cea9bf67a4036732ee54303"
  },
  "src/pkgs/uniswapx": {
    "rev": "93c49ff6330f2c588e0825f20a6a084a020afe55"
  },
  "src/pkgs/universal-router": {
    "rev": "cb222d358a2ea780feedee6990ff8a3c185301bf"
  },
  "src/pkgs/universal-router-2_0": {
    "rev": "3663f6db6e2fe121753cd2d899699c2dc75dca86"
  },
  "src/pkgs/util-contracts": {
    "rev": "0e84aa540ecafacb22f9e61a5e684c5c32a21f56"
  },
  "src/pkgs/v2-core": {
    "rev": "6a9e7c97860676e0992f22a49665760444c1cdf5"
  },
  "src/pkgs/v2-periphery": {
    "rev": "ed24991304291297c3b4a52818d02f46a17aa9a2"
  },
  "src/pkgs/v3-core": {
    "rev": "d0831dc6b8a318df3872b6d68f6de135c9f3ec29"
  },
  "src/pkgs/v3-periphery": {
    "rev": "0682387198a24c7cd63566a2c58398533860a5d1"
  },
  "src/pkgs/v4-core": {
    "rev": "46c6834698c48bc4a463a86d8420f4eb1d7f3b75"
  },
  "src/pkgs/v4-hooks-public": {
    "rev": "e8955a7000171d5957a12f32f877a5e5c4f8344d"
  },
  "src/pkgs/v4-periphery": {
    "rev": "3245c3cb99c48fa1dc2459c3b60abc37d4294aba"
  },
  "src/pkgs/view-quoter-v3": {
    "rev": "d718d2f40a1ac6d8f152560c2da3853aa92e7898"
  }
}
